
Microsoft Visual Studio Solution File, Format Version 12.00
# Visual Studio Version 17
VisualStudioVersion = 17.9.34701.34
MinimumVisualStudioVersion = 10.0.40219.1
Project("{9A19103F-16F7-4668-BE54-9A1E7A4F7556}") = "ShopServiceAPISystem", "ShopServiceAPISystem\ShopServiceAPISystem.csproj", "{D8AA3512-F450-482A-8D56-1129BD157C63}"
EndProject
Project("{9A19103F-16F7-4668-BE54-9A1E7A4F7556}") = "DataAccessObjects", "DataAccessObjects\DataAccessObjects.csproj", "{FD19FAFF-ADDA-4CC2-89BE-9F2E403909AA}"
EndProject
Project("{9A19103F-16F7-4668-BE54-9A1E7A4F7556}") = "BusinessObjects", "BusinessObjects\BusinessObjects.csproj", "{10C17D0F-6CB2-4692-A7F1-50C5DE5137D2}"
EndProject
Project("{9A19103F-16F7-4668-BE54-9A1E7A4F7556}") = "Repository", "Repository\Repository.csproj", "{94D3685D-0CB9-458A-805D-72C25DC8CD39}"
EndProject
Project("{9A19103F-16F7-4668-BE54-9A1E7A4F7556}") = "Service", "Service\Service.csproj", "{B12B4413-0D34-4281-9952-995B7B7AACB5}"
EndProject
Project("{9A19103F-16F7-4668-BE54-9A1E7A4F7556}") = "DTOs", "DTOs\DTOs.csproj", "{F65BE3B9-F1AD-4662-A153-6C761B413F36}"
EndProject
Global
	GlobalSection(SolutionConfigurationPlatforms) = preSolution
		Debug|Any CPU = Debug|Any CPU
		Release|Any CPU = Release|Any CPU
	EndGlobalSection
	GlobalSection(ProjectConfigurationPlatforms) = postSolution
		{D8AA3512-F450-482A-8D56-1129BD157C63}.Debug|Any CPU.ActiveCfg = Debug|Any CPU
		{D8AA3512-F450-482A-8D56-1129BD157C63}.Debug|Any CPU.Build.0 = Debug|Any CPU
		{D8AA3512-F450-482A-8D56-1129BD157C63}.Release|Any CPU.ActiveCfg = Release|Any CPU
		{D8AA3512-F450-482A-8D56-1129BD157C63}.Release|Any CPU.Build.0 = Release|Any CPU
		{FD19FAFF-ADDA-4CC2-89BE-9F2E403909AA}.Debug|Any CPU.ActiveCfg = Debug|Any CPU
		{FD19FAFF-ADDA-4CC2-89BE-9F2E403909AA}.Debug|Any CPU.Build.0 = Debug|Any CPU
		{FD19FAFF-ADDA-4CC2-89BE-9F2E403909AA}.Release|Any CPU.ActiveCfg = Release|Any CPU
		{FD19FAFF-ADDA-4CC2-89BE-9F2E403909AA}.Release|Any CPU.Build.0 = Release|Any CPU
		{10C17D0F-6CB2-4692-A7F1-50C5DE5137D2}.Debug|Any CPU.ActiveCfg = Debug|Any CPU
		{10C17D0F-6CB2-4692-A7F1-50C5DE5137D2}.Debug|Any CPU.Build.0 = Debug|Any CPU
		{10C17D0F-6CB2-4692-A7F1-50C5DE5137D2}.Release|Any CPU.ActiveCfg = Release|Any CPU
		{10C17D0F-6CB2-4692-A7F1-50C5DE5137D2}.Release|Any CPU.Build.0 = Release|Any CPU
		{94D3685D-0CB9-458A-805D-72C25DC8CD39}.Debug|Any CPU.ActiveCfg = Debug|Any CPU
		{94D3685D-0CB9-458A-805D-72C25DC8CD39}.Debug|Any CPU.Build.0 = Debug|Any CPU
		{94D3685D-0CB9-458A-805D-72C25DC8CD39}.Release|Any CPU.ActiveCfg = Release|Any CPU
		{94D3685D-0CB9-458A-805D-72C25DC8CD39}.Release|Any CPU.Build.0 = Release|Any CPU
		{B12B4413-0D34-4281-9952-995B7B7AACB5}.Debug|Any CPU.ActiveCfg = Debug|Any CPU
		{B12B4413-0D34-4281-9952-995B7B7AACB5}.Debug|Any CPU.Build.0 = Debug|Any CPU
		{B12B4413-0D34-4281-9952-995B7B7AACB5}.Release|Any CPU.ActiveCfg = Release|Any CPU
		{B12B4413-0D34-4281-9952-995B7B7AACB5}.Release|Any CPU.Build.0 = Release|Any CPU
		{F65BE3B9-F1AD-4662-A153-6C761B413F36}.Debug|Any CPU.ActiveCfg = Debug|Any CPU
		{F65BE3B9-F1AD-4662-A153-6C761B413F36}.Debug|Any CPU.Build.0 = Debug|Any CPU
		{F65BE3B9-F1AD-4662-A153-6C761B413F36}.Release|Any CPU.ActiveCfg = Release|Any CPU
		{F65BE3B9-F1AD-4662-A153-6C761B413F36}.Release|Any CPU.Build.0 = Release|Any CPU
	EndGlobalSection
	GlobalSection(SolutionProperties) = preSolution
		HideSolutionNode = FALSE
	EndGlobalSection
	GlobalSection(ExtensibilityGlobals) = postSolution
		SolutionGuid = {167E6D95-7B2F-4865-A2D8-CCD5B7B2ECDB}
	EndGlobalSection
EndGlobal
